
Microsoft Visual Studio Solution File, Format Version 12.00
# Visual Studio Version 16
VisualStudioVersion = 25.0.1700.0
MinimumVisualStudioVersion = 10.0.40219.1
Project("{FAE04EC0-301F-11D3-BF4B-00C04F79EFBC}") = "Task2_Stack", "Task2_Stack.csproj", "{9D50F3A3-F71C-475F-9E93-7326ED4A0395}"
EndProject
Global
	GlobalSection(SolutionConfigurationPlatforms) = preSolution
		Debug|Any CPU = Debug|Any CPU
		Release|Any CPU = Release|Any CPU
	EndGlobalSection
	GlobalSection(ProjectConfigurationPlatforms) = postSolution
		{9D50F3A3-F71C-475F-9E93-7326ED4A0395}.Debug|Any CPU.ActiveCfg = Debug|Any CPU
		{9D50F3A3-F71C-475F-9E93-7326ED4A0395}.Debug|Any CPU.Build.0 = Debug|Any CPU
		{9D50F3A3-F71C-475F-9E93-7326ED4A0395}.Release|Any CPU.ActiveCfg = Release|Any CPU
		{9D50F3A3-F71C-475F-9E93-7326ED4A0395}.Release|Any CPU.Build.0 = Release|Any CPU
	EndGlobalSection
	GlobalSection(SolutionProperties) = preSolution
		HideSolutionNode = FALSE
	EndGlobalSection
	GlobalSection(ExtensibilityGlobals) = postSolution
		SolutionGuid = {B9902A0D-230A-4581-A1C0-5939B32D87BC}
	EndGlobalSection
EndGlobal
