
Microsoft Visual Studio Solution File, Format Version 12.00
# Visual Studio Version 16
VisualStudioVersion = 25.0.1700.0
MinimumVisualStudioVersion = 10.0.40219.1
Project("{FAE04EC0-301F-11D3-BF4B-00C04F79EFBC}") = "AttributeProgram", "AttributeProgram.csproj", "{B634DA71-39AC-486F-AF8E-A2DADC8DA88C}"
EndProject
Project("{FAE04EC0-301F-11D3-BF4B-00C04F79EFBC}") = "AttributeLib", "AttributeLib\AttributeLib.csproj", "{6D14D319-2E80-4E7E-9D5B-37EF0A3BBAC1}"
EndProject
Global
	GlobalSection(SolutionConfigurationPlatforms) = preSolution
		Debug|Any CPU = Debug|Any CPU
		Release|Any CPU = Release|Any CPU
	EndGlobalSection
	GlobalSection(ProjectConfigurationPlatforms) = postSolution
		{B634DA71-39AC-486F-AF8E-A2DADC8DA88C}.Debug|Any CPU.ActiveCfg = Debug|Any CPU
		{B634DA71-39AC-486F-AF8E-A2DADC8DA88C}.Debug|Any CPU.Build.0 = Debug|Any CPU
		{B634DA71-39AC-486F-AF8E-A2DADC8DA88C}.Release|Any CPU.ActiveCfg = Release|Any CPU
		{B634DA71-39AC-486F-AF8E-A2DADC8DA88C}.Release|Any CPU.Build.0 = Release|Any CPU
		{6D14D319-2E80-4E7E-9D5B-37EF0A3BBAC1}.Debug|Any CPU.ActiveCfg = Debug|Any CPU
		{6D14D319-2E80-4E7E-9D5B-37EF0A3BBAC1}.Debug|Any CPU.Build.0 = Debug|Any CPU
		{6D14D319-2E80-4E7E-9D5B-37EF0A3BBAC1}.Release|Any CPU.ActiveCfg = Release|Any CPU
		{6D14D319-2E80-4E7E-9D5B-37EF0A3BBAC1}.Release|Any CPU.Build.0 = Release|Any CPU
	EndGlobalSection
	GlobalSection(SolutionProperties) = preSolution
		HideSolutionNode = FALSE
	EndGlobalSection
	GlobalSection(ExtensibilityGlobals) = postSolution
		SolutionGuid = {C8C24ED1-A6B2-492C-B727-18DF7ECFDA2C}
	EndGlobalSection
EndGlobal
